Microsoft Visual Studio Solution File, Format Version 12.00
# Visual Studio Version 16
VisualStudioVersion = 16.0.28315.86
MinimumVisualStudioVersion = 10.0.40219.1
Project("{2150E333-8FDC-42A3-9474-1A3956D46DE8}") = "Flax", "Flax", "{118147E0-3042-41B8-B7FB-5F5F916B158C}"
EndProject
Project("{2150E333-8FDC-42A3-9474-1A3956D46DE8}") = "Tools", "Tools", "{A1107B4A-63B9-4218-811B-4CFC8DD4F8B6}"
EndProject
Project("{8BC9CEB8-8B4A-11D0-8D11-00A0C91BC942}") = "rmlTestS", "Cache\Projects\rmlTestS.vcxproj", "{1B3DAE27-9212-40AD-A604-7710B3AB6E32}"
EndProject
Project("{FAE04EC0-301F-11D3-BF4B-00C04F79EFBC}") = "Game", "Source\Game.csproj", "{2109D931-1421-4969-B869-3F083807D7CA}"
	ProjectSection(ProjectDependencies) = postProject
		{E1E35F87-824F-483B-8A40-F005C5287DC1} = {E1E35F87-824F-483B-8A40-F005C5287DC1}
	EndProjectSection
EndProject
Project("{8BC9CEB8-8B4A-11D0-8D11-00A0C91BC942}") = "Flax", "Cache\Projects\Flax.vcxproj", "{6BDDAEA2-F39B-4C55-8A32-589D08B65D69}"
EndProject
Project("{FAE04EC0-301F-11D3-BF4B-00C04F79EFBC}") = "FlaxEngine", "Cache\Projects\FlaxEngine.csproj", "{E1E35F87-824F-483B-8A40-F005C5287DC1}"
EndProject
Project("{FAE04EC0-301F-11D3-BF4B-00C04F79EFBC}") = "Flax.Build", "..\..\repos\FlaxEngine\Source\Tools\Flax.Build\Flax.Build.csproj", "{C99AAF92-D4AD-4847-9EE0-B11E68E93E1E}"
EndProject
Project("{FAE04EC0-301F-11D3-BF4B-00C04F79EFBC}") = "Flax.Build.Tests", "..\..\repos\FlaxEngine\Source\Tools\Flax.Build.Tests\Flax.Build.Tests.csproj", "{3FB235A6-ADFF-415E-92B8-E810DA981A02}"
EndProject
Project("{FAE04EC0-301F-11D3-BF4B-00C04F79EFBC}") = "Flax.Stats", "..\..\repos\FlaxEngine\Source\Tools\Flax.Stats\Flax.Stats.csproj", "{E9B47E88-802C-45E4-BFF4-F05A6F991BC9}"
EndProject
Project("{FAE04EC0-301F-11D3-BF4B-00C04F79EFBC}") = "FlaxEngine.Tests", "..\..\repos\FlaxEngine\Source\Tools\FlaxEngine.Tests\FlaxEngine.Tests.csproj", "{4AAED6A2-38B1-4A31-AB04-9264A94A8ECA}"
EndProject
Project("{FAE04EC0-301F-11D3-BF4B-00C04F79EFBC}") = "BuildScripts", "Cache\Projects\BuildScripts.csproj", "{C08375F8-7C98-4E4F-AEE8-79B4A9D714A0}"
EndProject
Global
	GlobalSection(SolutionConfigurationPlatforms) = preSolution
		Debug|Any CPU = Debug|Any CPU
		Debug|UWP_x64 = Debug|UWP_x64
		Debug|Win32 = Debug|Win32
		Debug|Win64 = Debug|Win64
		Debug|XboxOne = Debug|XboxOne
		Editor.Debug|Any CPU = Editor.Debug|Any CPU
		Editor.Debug|UWP_x64 = Editor.Debug|UWP_x64
		Editor.Debug|Win32 = Editor.Debug|Win32
		Editor.Debug|Win64 = Editor.Debug|Win64
		Editor.Debug|XboxOne = Editor.Debug|XboxOne
		Editor.Development|Any CPU = Editor.Development|Any CPU
		Editor.Development|UWP_x64 = Editor.Development|UWP_x64
		Editor.Development|Win32 = Editor.Development|Win32
		Editor.Development|Win64 = Editor.Development|Win64
		Editor.Development|XboxOne = Editor.Development|XboxOne
		Editor.Release|Any CPU = Editor.Release|Any CPU
		Editor.Release|UWP_x64 = Editor.Release|UWP_x64
		Editor.Release|Win32 = Editor.Release|Win32
		Editor.Release|Win64 = Editor.Release|Win64
		Editor.Release|XboxOne = Editor.Release|XboxOne
		Game.Debug|Any CPU = Game.Debug|Any CPU
		Game.Debug|UWP_x64 = Game.Debug|UWP_x64
		Game.Debug|Win32 = Game.Debug|Win32
		Game.Debug|Win64 = Game.Debug|Win64
		Game.Debug|XboxOne = Game.Debug|XboxOne
		Game.Development|Any CPU = Game.Development|Any CPU
		Game.Development|UWP_x64 = Game.Development|UWP_x64
		Game.Development|Win32 = Game.Development|Win32
		Game.Development|Win64 = Game.Development|Win64
		Game.Development|XboxOne = Game.Development|XboxOne
		Game.Release|Any CPU = Game.Release|Any CPU
		Game.Release|UWP_x64 = Game.Release|UWP_x64
		Game.Release|Win32 = Game.Release|Win32
		Game.Release|Win64 = Game.Release|Win64
		Game.Release|XboxOne = Game.Release|XboxOne
		Release|Any CPU = Release|Any CPU
		Release|UWP_x64 = Release|UWP_x64
		Release|Win32 = Release|Win32
		Release|Win64 = Release|Win64
		Release|XboxOne = Release|XboxOne
	EndGlobalSection
	GlobalSection(ProjectConfigurationPlatforms) = postSolution
		{1B3DAE27-9212-40AD-A604-7710B3AB6E32}.Debug|Any CPU.ActiveCfg = Editor.Windows.Debug|x64
		{1B3DAE27-9212-40AD-A604-7710B3AB6E32}.Debug|UWP_x64.ActiveCfg = Game.UWP.Debug|x64
		{1B3DAE27-9212-40AD-A604-7710B3AB6E32}.Debug|Win32.ActiveCfg = Editor.Windows.Debug|Win32
		{1B3DAE27-9212-40AD-A604-7710B3AB6E32}.Debug|Win64.ActiveCfg = Editor.Windows.Debug|x64
		{1B3DAE27-9212-40AD-A604-7710B3AB6E32}.Debug|XboxOne.ActiveCfg = Game.XboxOne.Debug|x64
		{1B3DAE27-9212-40AD-A604-7710B3AB6E32}.Editor.Debug|Any CPU.ActiveCfg = Editor.Windows.Debug|x64
		{1B3DAE27-9212-40AD-A604-7710B3AB6E32}.Editor.Debug|UWP_x64.ActiveCfg = Game.UWP.Debug|x64
		{1B3DAE27-9212-40AD-A604-7710B3AB6E32}.Editor.Debug|Win32.ActiveCfg = Editor.Windows.Debug|Win32
		{1B3DAE27-9212-40AD-A604-7710B3AB6E32}.Editor.Debug|Win32.Build.0 = Editor.Windows.Debug|Win32
		{1B3DAE27-9212-40AD-A604-7710B3AB6E32}.Editor.Debug|Win64.ActiveCfg = Editor.Windows.Debug|x64
		{1B3DAE27-9212-40AD-A604-7710B3AB6E32}.Editor.Debug|Win64.Build.0 = Editor.Windows.Debug|x64
		{1B3DAE27-9212-40AD-A604-7710B3AB6E32}.Editor.Debug|XboxOne.ActiveCfg = Game.XboxOne.Debug|x64
		{1B3DAE27-9212-40AD-A604-7710B3AB6E32}.Editor.Development|Any CPU.ActiveCfg = Editor.Windows.Debug|x64
		{1B3DAE27-9212-40AD-A604-7710B3AB6E32}.Editor.Development|UWP_x64.ActiveCfg = Game.UWP.Debug|x64
		{1B3DAE27-9212-40AD-A604-7710B3AB6E32}.Editor.Development|Win32.ActiveCfg = Editor.Windows.Development|Win32
		{1B3DAE27-9212-40AD-A604-7710B3AB6E32}.Editor.Development|Win32.Build.0 = Editor.Windows.Development|Win32
		{1B3DAE27-9212-40AD-A604-7710B3AB6E32}.Editor.Development|Win64.ActiveCfg = Editor.Windows.Development|x64
		{1B3DAE27-9212-40AD-A604-7710B3AB6E32}.Editor.Development|Win64.Build.0 = Editor.Windows.Development|x64
		{1B3DAE27-9212-40AD-A604-7710B3AB6E32}.Editor.Development|XboxOne.ActiveCfg = Game.XboxOne.Debug|x64
		{1B3DAE27-9212-40AD-A604-7710B3AB6E32}.Editor.Release|Any CPU.ActiveCfg = Editor.Windows.Debug|x64
		{1B3DAE27-9212-40AD-A604-7710B3AB6E32}.Editor.Release|UWP_x64.ActiveCfg = Game.UWP.Debug|x64
		{1B3DAE27-9212-40AD-A604-7710B3AB6E32}.Editor.Release|Win32.ActiveCfg = Editor.Windows.Release|Win32
		{1B3DAE27-9212-40AD-A604-7710B3AB6E32}.Editor.Release|Win32.Build.0 = Editor.Windows.Release|Win32
		{1B3DAE27-9212-40AD-A604-7710B3AB6E32}.Editor.Release|Win64.ActiveCfg = Editor.Windows.Release|x64
		{1B3DAE27-9212-40AD-A604-7710B3AB6E32}.Editor.Release|Win64.Build.0 = Editor.Windows.Release|x64
		{1B3DAE27-9212-40AD-A604-7710B3AB6E32}.Editor.Release|XboxOne.ActiveCfg = Game.XboxOne.Debug|x64
		{1B3DAE27-9212-40AD-A604-7710B3AB6E32}.Game.Debug|Any CPU.ActiveCfg = Editor.Windows.Debug|x64
		{1B3DAE27-9212-40AD-A604-7710B3AB6E32}.Game.Debug|UWP_x64.ActiveCfg = Game.UWP.Debug|x64
		{1B3DAE27-9212-40AD-A604-7710B3AB6E32}.Game.Debug|UWP_x64.Build.0 = Game.UWP.Debug|x64
		{1B3DAE27-9212-40AD-A604-7710B3AB6E32}.Game.Debug|Win32.ActiveCfg = Game.Windows.Debug|Win32
		{1B3DAE27-9212-40AD-A604-7710B3AB6E32}.Game.Debug|Win32.Build.0 = Game.Windows.Debug|Win32
		{1B3DAE27-9212-40AD-A604-7710B3AB6E32}.Game.Debug|Win64.ActiveCfg = Game.Windows.Debug|x64
		{1B3DAE27-9212-40AD-A604-7710B3AB6E32}.Game.Debug|Win64.Build.0 = Game.Windows.Debug|x64
		{1B3DAE27-9212-40AD-A604-7710B3AB6E32}.Game.Debug|XboxOne.ActiveCfg = Game.XboxOne.Debug|x64
		{1B3DAE27-9212-40AD-A604-7710B3AB6E32}.Game.Debug|XboxOne.Build.0 = Game.XboxOne.Debug|x64
		{1B3DAE27-9212-40AD-A604-7710B3AB6E32}.Game.Development|Any CPU.ActiveCfg = Editor.Windows.Debug|x64
		{1B3DAE27-9212-40AD-A604-7710B3AB6E32}.Game.Development|UWP_x64.ActiveCfg = Game.UWP.Development|x64
		{1B3DAE27-9212-40AD-A604-7710B3AB6E32}.Game.Development|UWP_x64.Build.0 = Game.UWP.Development|x64
		{1B3DAE27-9212-40AD-A604-7710B3AB6E32}.Game.Development|Win32.ActiveCfg = Game.Windows.Development|Win32
		{1B3DAE27-9212-40AD-A604-7710B3AB6E32}.Game.Development|Win32.Build.0 = Game.Windows.Development|Win32
		{1B3DAE27-9212-40AD-A604-7710B3AB6E32}.Game.Development|Win64.ActiveCfg = Game.Windows.Development|x64
		{1B3DAE27-9212-40AD-A604-7710B3AB6E32}.Game.Development|Win64.Build.0 = Game.Windows.Development|x64
		{1B3DAE27-9212-40AD-A604-7710B3AB6E32}.Game.Development|XboxOne.ActiveCfg = Game.XboxOne.Development|x64
		{1B3DAE27-9212-40AD-A604-7710B3AB6E32}.Game.Development|XboxOne.Build.0 = Game.XboxOne.Development|x64
		{1B3DAE27-9212-40AD-A604-7710B3AB6E32}.Game.Release|Any CPU.ActiveCfg = Editor.Windows.Debug|x64
		{1B3DAE27-9212-40AD-A604-7710B3AB6E32}.Game.Release|UWP_x64.ActiveCfg = Game.UWP.Release|x64
		{1B3DAE27-9212-40AD-A604-7710B3AB6E32}.Game.Release|UWP_x64.Build.0 = Game.UWP.Release|x64
		{1B3DAE27-9212-40AD-A604-7710B3AB6E32}.Game.Release|Win32.ActiveCfg = Game.Windows.Release|Win32
		{1B3DAE27-9212-40AD-A604-7710B3AB6E32}.Game.Release|Win32.Build.0 = Game.Windows.Release|Win32
		{1B3DAE27-9212-40AD-A604-7710B3AB6E32}.Game.Release|Win64.ActiveCfg = Game.Windows.Release|x64
		{1B3DAE27-9212-40AD-A604-7710B3AB6E32}.Game.Release|Win64.Build.0 = Game.Windows.Release|x64
		{1B3DAE27-9212-40AD-A604-7710B3AB6E32}.Game.Release|XboxOne.ActiveCfg = Game.XboxOne.Release|x64
		{1B3DAE27-9212-40AD-A604-7710B3AB6E32}.Game.Release|XboxOne.Build.0 = Game.XboxOne.Release|x64
		{1B3DAE27-9212-40AD-A604-7710B3AB6E32}.Release|Any CPU.ActiveCfg = Editor.Windows.Debug|x64
		{1B3DAE27-9212-40AD-A604-7710B3AB6E32}.Release|UWP_x64.ActiveCfg = Game.UWP.Debug|x64
		{1B3DAE27-9212-40AD-A604-7710B3AB6E32}.Release|Win32.ActiveCfg = Editor.Windows.Debug|Win32
		{1B3DAE27-9212-40AD-A604-7710B3AB6E32}.Release|Win64.ActiveCfg = Editor.Windows.Debug|x64
		{1B3DAE27-9212-40AD-A604-7710B3AB6E32}.Release|XboxOne.ActiveCfg = Game.XboxOne.Debug|x64
		{2109D931-1421-4969-B869-3F083807D7CA}.Debug|Any CPU.ActiveCfg = Editor.Windows.Debug|x64
		{2109D931-1421-4969-B869-3F083807D7CA}.Debug|UWP_x64.ActiveCfg = Game.UWP.Debug|x64
		{2109D931-1421-4969-B869-3F083807D7CA}.Debug|Win32.ActiveCfg = Editor.Windows.Debug|Win32
		{2109D931-1421-4969-B869-3F083807D7CA}.Debug|Win64.ActiveCfg = Editor.Windows.Debug|x64
		{2109D931-1421-4969-B869-3F083807D7CA}.Debug|XboxOne.ActiveCfg = Game.XboxOne.Debug|x64
		{2109D931-1421-4969-B869-3F083807D7CA}.Editor.Debug|Any CPU.ActiveCfg = Editor.Windows.Debug|x64
		{2109D931-1421-4969-B869-3F083807D7CA}.Editor.Debug|UWP_x64.ActiveCfg = Game.UWP.Debug|x64
		{2109D931-1421-4969-B869-3F083807D7CA}.Editor.Debug|Win32.ActiveCfg = Editor.Windows.Debug|Win32
		{2109D931-1421-4969-B869-3F083807D7CA}.Editor.Debug|Win64.ActiveCfg = Editor.Windows.Debug|x64
		{2109D931-1421-4969-B869-3F083807D7CA}.Editor.Debug|XboxOne.ActiveCfg = Game.XboxOne.Debug|x64
		{2109D931-1421-4969-B869-3F083807D7CA}.Editor.Development|Any CPU.ActiveCfg = Editor.Windows.Debug|x64
		{2109D931-1421-4969-B869-3F083807D7CA}.Editor.Development|UWP_x64.ActiveCfg = Game.UWP.Debug|x64
		{2109D931-1421-4969-B869-3F083807D7CA}.Editor.Development|Win32.ActiveCfg = Editor.Windows.Development|Win32
		{2109D931-1421-4969-B869-3F083807D7CA}.Editor.Development|Win64.ActiveCfg = Editor.Windows.Development|x64
		{2109D931-1421-4969-B869-3F083807D7CA}.Editor.Development|XboxOne.ActiveCfg = Game.XboxOne.Debug|x64
		{2109D931-1421-4969-B869-3F083807D7CA}.Editor.Release|Any CPU.ActiveCfg = Editor.Windows.Debug|x64
		{2109D931-1421-4969-B869-3F083807D7CA}.Editor.Release|UWP_x64.ActiveCfg = Game.UWP.Debug|x64
		{2109D931-1421-4969-B869-3F083807D7CA}.Editor.Release|Win32.ActiveCfg = Editor.Windows.Release|Win32
		{2109D931-1421-4969-B869-3F083807D7CA}.Editor.Release|Win64.ActiveCfg = Editor.Windows.Release|x64
		{2109D931-1421-4969-B869-3F083807D7CA}.Editor.Release|XboxOne.ActiveCfg = Game.XboxOne.Debug|x64
		{2109D931-1421-4969-B869-3F083807D7CA}.Game.Debug|Any CPU.ActiveCfg = Editor.Windows.Debug|x64
		{2109D931-1421-4969-B869-3F083807D7CA}.Game.Debug|UWP_x64.ActiveCfg = Game.UWP.Debug|x64
		{2109D931-1421-4969-B869-3F083807D7CA}.Game.Debug|Win32.ActiveCfg = Game.Windows.Debug|Win32
		{2109D931-1421-4969-B869-3F083807D7CA}.Game.Debug|Win64.ActiveCfg = Game.Windows.Debug|x64
		{2109D931-1421-4969-B869-3F083807D7CA}.Game.Debug|XboxOne.ActiveCfg = Game.XboxOne.Debug|x64
		{2109D931-1421-4969-B869-3F083807D7CA}.Game.Development|Any CPU.ActiveCfg = Editor.Windows.Debug|x64
		{2109D931-1421-4969-B869-3F083807D7CA}.Game.Development|UWP_x64.ActiveCfg = Game.UWP.Development|x64
		{2109D931-1421-4969-B869-3F083807D7CA}.Game.Development|Win32.ActiveCfg = Game.Windows.Development|Win32
		{2109D931-1421-4969-B869-3F083807D7CA}.Game.Development|Win64.ActiveCfg = Game.Windows.Development|x64
		{2109D931-1421-4969-B869-3F083807D7CA}.Game.Development|XboxOne.ActiveCfg = Game.XboxOne.Development|x64
		{2109D931-1421-4969-B869-3F083807D7CA}.Game.Release|Any CPU.ActiveCfg = Editor.Windows.Debug|x64
		{2109D931-1421-4969-B869-3F083807D7CA}.Game.Release|UWP_x64.ActiveCfg = Game.UWP.Release|x64
		{2109D931-1421-4969-B869-3F083807D7CA}.Game.Release|Win32.ActiveCfg = Game.Windows.Release|Win32
		{2109D931-1421-4969-B869-3F083807D7CA}.Game.Release|Win64.ActiveCfg = Game.Windows.Release|x64
		{2109D931-1421-4969-B869-3F083807D7CA}.Game.Release|XboxOne.ActiveCfg = Game.XboxOne.Release|x64
		{2109D931-1421-4969-B869-3F083807D7CA}.Release|Any CPU.ActiveCfg = Editor.Windows.Debug|x64
		{2109D931-1421-4969-B869-3F083807D7CA}.Release|UWP_x64.ActiveCfg = Game.UWP.Debug|x64
		{2109D931-1421-4969-B869-3F083807D7CA}.Release|Win32.ActiveCfg = Editor.Windows.Debug|Win32
		{2109D931-1421-4969-B869-3F083807D7CA}.Release|Win64.ActiveCfg = Editor.Windows.Debug|x64
		{2109D931-1421-4969-B869-3F083807D7CA}.Release|XboxOne.ActiveCfg = Game.XboxOne.Debug|x64
		{6BDDAEA2-F39B-4C55-8A32-589D08B65D69}.Debug|Any CPU.ActiveCfg = Editor.Windows.Debug|x64
		{6BDDAEA2-F39B-4C55-8A32-589D08B65D69}.Debug|UWP_x64.ActiveCfg = Game.UWP.Debug|x64
		{6BDDAEA2-F39B-4C55-8A32-589D08B65D69}.Debug|Win32.ActiveCfg = Game.Windows.Debug|Win32
		{6BDDAEA2-F39B-4C55-8A32-589D08B65D69}.Debug|Win64.ActiveCfg = Editor.Windows.Debug|x64
		{6BDDAEA2-F39B-4C55-8A32-589D08B65D69}.Debug|XboxOne.ActiveCfg = Game.XboxOne.Debug|x64
		{6BDDAEA2-F39B-4C55-8A32-589D08B65D69}.Editor.Debug|Any CPU.ActiveCfg = Editor.Windows.Debug|x64
		{6BDDAEA2-F39B-4C55-8A32-589D08B65D69}.Editor.Debug|UWP_x64.ActiveCfg = Game.UWP.Debug|x64
		{6BDDAEA2-F39B-4C55-8A32-589D08B65D69}.Editor.Debug|Win32.ActiveCfg = Game.Windows.Debug|Win32
		{6BDDAEA2-F39B-4C55-8A32-589D08B65D69}.Editor.Debug|Win64.ActiveCfg = Editor.Windows.Debug|x64
		{6BDDAEA2-F39B-4C55-8A32-589D08B65D69}.Editor.Debug|XboxOne.ActiveCfg = Game.XboxOne.Debug|x64
		{6BDDAEA2-F39B-4C55-8A32-589D08B65D69}.Editor.Development|Any CPU.ActiveCfg = Editor.Windows.Debug|x64
		{6BDDAEA2-F39B-4C55-8A32-589D08B65D69}.Editor.Development|UWP_x64.ActiveCfg = Game.UWP.Debug|x64
		{6BDDAEA2-F39B-4C55-8A32-589D08B65D69}.Editor.Development|Win32.ActiveCfg = Game.Windows.Debug|Win32
		{6BDDAEA2-F39B-4C55-8A32-589D08B65D69}.Editor.Development|Win64.ActiveCfg = Editor.Windows.Development|x64
		{6BDDAEA2-F39B-4C55-8A32-589D08B65D69}.Editor.Development|XboxOne.ActiveCfg = Game.XboxOne.Debug|x64
		{6BDDAEA2-F39B-4C55-8A32-589D08B65D69}.Editor.Release|Any CPU.ActiveCfg = Editor.Windows.Debug|x64
		{6BDDAEA2-F39B-4C55-8A32-589D08B65D69}.Editor.Release|UWP_x64.ActiveCfg = Game.UWP.Debug|x64
		{6BDDAEA2-F39B-4C55-8A32-589D08B65D69}.Editor.Release|Win32.ActiveCfg = Game.Windows.Debug|Win32
		{6BDDAEA2-F39B-4C55-8A32-589D08B65D69}.Editor.Release|Win64.ActiveCfg = Editor.Windows.Release|x64
		{6BDDAEA2-F39B-4C55-8A32-589D08B65D69}.Editor.Release|XboxOne.ActiveCfg = Game.XboxOne.Debug|x64
		{6BDDAEA2-F39B-4C55-8A32-589D08B65D69}.Game.Debug|Any CPU.ActiveCfg = Editor.Windows.Debug|x64
		{6BDDAEA2-F39B-4C55-8A32-589D08B65D69}.Game.Debug|UWP_x64.ActiveCfg = Game.UWP.Debug|x64
		{6BDDAEA2-F39B-4C55-8A32-589D08B65D69}.Game.Debug|Win32.ActiveCfg = Game.Windows.Debug|Win32
		{6BDDAEA2-F39B-4C55-8A32-589D08B65D69}.Game.Debug|Win64.ActiveCfg = Game.Windows.Debug|x64
		{6BDDAEA2-F39B-4C55-8A32-589D08B65D69}.Game.Debug|XboxOne.ActiveCfg = Game.XboxOne.Debug|x64
		{6BDDAEA2-F39B-4C55-8A32-589D08B65D69}.Game.Development|Any CPU.ActiveCfg = Editor.Windows.Debug|x64
		{6BDDAEA2-F39B-4C55-8A32-589D08B65D69}.Game.Development|UWP_x64.ActiveCfg = Game.UWP.Development|x64
		{6BDDAEA2-F39B-4C55-8A32-589D08B65D69}.Game.Development|Win32.ActiveCfg = Game.Windows.Development|Win32
		{6BDDAEA2-F39B-4C55-8A32-589D08B65D69}.Game.Development|Win64.ActiveCfg = Game.Windows.Development|x64
		{6BDDAEA2-F39B-4C55-8A32-589D08B65D69}.Game.Development|XboxOne.ActiveCfg = Game.XboxOne.Development|x64
		{6BDDAEA2-F39B-4C55-8A32-589D08B65D69}.Game.Release|Any CPU.ActiveCfg = Editor.Windows.Debug|x64
		{6BDDAEA2-F39B-4C55-8A32-589D08B65D69}.Game.Release|UWP_x64.ActiveCfg = Game.UWP.Release|x64
		{6BDDAEA2-F39B-4C55-8A32-589D08B65D69}.Game.Release|Win32.ActiveCfg = Game.Windows.Release|Win32
		{6BDDAEA2-F39B-4C55-8A32-589D08B65D69}.Game.Release|Win64.ActiveCfg = Game.Windows.Release|x64
		{6BDDAEA2-F39B-4C55-8A32-589D08B65D69}.Game.Release|XboxOne.ActiveCfg = Game.XboxOne.Release|x64
		{6BDDAEA2-F39B-4C55-8A32-589D08B65D69}.Release|Any CPU.ActiveCfg = Editor.Windows.Debug|x64
		{6BDDAEA2-F39B-4C55-8A32-589D08B65D69}.Release|UWP_x64.ActiveCfg = Game.UWP.Debug|x64
		{6BDDAEA2-F39B-4C55-8A32-589D08B65D69}.Release|Win32.ActiveCfg = Game.Windows.Debug|Win32
		{6BDDAEA2-F39B-4C55-8A32-589D08B65D69}.Release|Win64.ActiveCfg = Editor.Windows.Debug|x64
		{6BDDAEA2-F39B-4C55-8A32-589D08B65D69}.Release|XboxOne.ActiveCfg = Game.XboxOne.Debug|x64
		{E1E35F87-824F-483B-8A40-F005C5287DC1}.Debug|Any CPU.ActiveCfg = Editor.Windows.Debug|x64
		{E1E35F87-824F-483B-8A40-F005C5287DC1}.Debug|UWP_x64.ActiveCfg = Game.UWP.Debug|x64
		{E1E35F87-824F-483B-8A40-F005C5287DC1}.Debug|Win32.ActiveCfg = Game.Windows.Debug|Win32
		{E1E35F87-824F-483B-8A40-F005C5287DC1}.Debug|Win64.ActiveCfg = Editor.Windows.Debug|x64
		{E1E35F87-824F-483B-8A40-F005C5287DC1}.Debug|XboxOne.ActiveCfg = Game.XboxOne.Debug|x64
		{E1E35F87-824F-483B-8A40-F005C5287DC1}.Editor.Debug|Any CPU.ActiveCfg = Editor.Windows.Debug|x64
		{E1E35F87-824F-483B-8A40-F005C5287DC1}.Editor.Debug|UWP_x64.ActiveCfg = Game.UWP.Debug|x64
		{E1E35F87-824F-483B-8A40-F005C5287DC1}.Editor.Debug|Win32.ActiveCfg = Game.Windows.Debug|Win32
		{E1E35F87-824F-483B-8A40-F005C5287DC1}.Editor.Debug|Win64.ActiveCfg = Editor.Windows.Debug|x64
		{E1E35F87-824F-483B-8A40-F005C5287DC1}.Editor.Debug|XboxOne.ActiveCfg = Game.XboxOne.Debug|x64
		{E1E35F87-824F-483B-8A40-F005C5287DC1}.Editor.Development|Any CPU.ActiveCfg = Editor.Windows.Debug|x64
		{E1E35F87-824F-483B-8A40-F005C5287DC1}.Editor.Development|UWP_x64.ActiveCfg = Game.UWP.Debug|x64
		{E1E35F87-824F-483B-8A40-F005C5287DC1}.Editor.Development|Win32.ActiveCfg = Game.Windows.Debug|Win32
		{E1E35F87-824F-483B-8A40-F005C5287DC1}.Editor.Development|Win64.ActiveCfg = Editor.Windows.Development|x64
		{E1E35F87-824F-483B-8A40-F005C5287DC1}.Editor.Development|XboxOne.ActiveCfg = Game.XboxOne.Debug|x64
		{E1E35F87-824F-483B-8A40-F005C5287DC1}.Editor.Release|Any CPU.ActiveCfg = Editor.Windows.Debug|x64
		{E1E35F87-824F-483B-8A40-F005C5287DC1}.Editor.Release|UWP_x64.ActiveCfg = Game.UWP.Debug|x64
		{E1E35F87-824F-483B-8A40-F005C5287DC1}.Editor.Release|Win32.ActiveCfg = Game.Windows.Debug|Win32
		{E1E35F87-824F-483B-8A40-F005C5287DC1}.Editor.Release|Win64.ActiveCfg = Editor.Windows.Release|x64
		{E1E35F87-824F-483B-8A40-F005C5287DC1}.Editor.Release|XboxOne.ActiveCfg = Game.XboxOne.Debug|x64
		{E1E35F87-824F-483B-8A40-F005C5287DC1}.Game.Debug|Any CPU.ActiveCfg = Editor.Windows.Debug|x64
		{E1E35F87-824F-483B-8A40-F005C5287DC1}.Game.Debug|UWP_x64.ActiveCfg = Game.UWP.Debug|x64
		{E1E35F87-824F-483B-8A40-F005C5287DC1}.Game.Debug|Win32.ActiveCfg = Game.Windows.Debug|Win32
		{E1E35F87-824F-483B-8A40-F005C5287DC1}.Game.Debug|Win64.ActiveCfg = Game.Windows.Debug|x64
		{E1E35F87-824F-483B-8A40-F005C5287DC1}.Game.Debug|XboxOne.ActiveCfg = Game.XboxOne.Debug|x64
		{E1E35F87-824F-483B-8A40-F005C5287DC1}.Game.Development|Any CPU.ActiveCfg = Editor.Windows.Debug|x64
		{E1E35F87-824F-483B-8A40-F005C5287DC1}.Game.Development|UWP_x64.ActiveCfg = Game.UWP.Development|x64
		{E1E35F87-824F-483B-8A40-F005C5287DC1}.Game.Development|Win32.ActiveCfg = Game.Windows.Development|Win32
		{E1E35F87-824F-483B-8A40-F005C5287DC1}.Game.Development|Win64.ActiveCfg = Game.Windows.Development|x64
		{E1E35F87-824F-483B-8A40-F005C5287DC1}.Game.Development|XboxOne.ActiveCfg = Game.XboxOne.Development|x64
		{E1E35F87-824F-483B-8A40-F005C5287DC1}.Game.Release|Any CPU.ActiveCfg = Editor.Windows.Debug|x64
		{E1E35F87-824F-483B-8A40-F005C5287DC1}.Game.Release|UWP_x64.ActiveCfg = Game.UWP.Release|x64
		{E1E35F87-824F-483B-8A40-F005C5287DC1}.Game.Release|Win32.ActiveCfg = Game.Windows.Release|Win32
		{E1E35F87-824F-483B-8A40-F005C5287DC1}.Game.Release|Win64.ActiveCfg = Game.Windows.Release|x64
		{E1E35F87-824F-483B-8A40-F005C5287DC1}.Game.Release|XboxOne.ActiveCfg = Game.XboxOne.Release|x64
		{E1E35F87-824F-483B-8A40-F005C5287DC1}.Release|Any CPU.ActiveCfg = Editor.Windows.Debug|x64
		{E1E35F87-824F-483B-8A40-F005C5287DC1}.Release|UWP_x64.ActiveCfg = Game.UWP.Debug|x64
		{E1E35F87-824F-483B-8A40-F005C5287DC1}.Release|Win32.ActiveCfg = Game.Windows.Debug|Win32
		{E1E35F87-824F-483B-8A40-F005C5287DC1}.Release|Win64.ActiveCfg = Editor.Windows.Debug|x64
		{E1E35F87-824F-483B-8A40-F005C5287DC1}.Release|XboxOne.ActiveCfg = Game.XboxOne.Debug|x64
		{C99AAF92-D4AD-4847-9EE0-B11E68E93E1E}.Debug|Any CPU.ActiveCfg = Debug|Any CPU
		{C99AAF92-D4AD-4847-9EE0-B11E68E93E1E}.Debug|UWP_x64.ActiveCfg = Debug|Any CPU
		{C99AAF92-D4AD-4847-9EE0-B11E68E93E1E}.Debug|Win32.ActiveCfg = Debug|Any CPU
		{C99AAF92-D4AD-4847-9EE0-B11E68E93E1E}.Debug|Win64.ActiveCfg = Debug|Any CPU
		{C99AAF92-D4AD-4847-9EE0-B11E68E93E1E}.Debug|XboxOne.ActiveCfg = Debug|Any CPU
		{C99AAF92-D4AD-4847-9EE0-B11E68E93E1E}.Editor.Debug|Any CPU.ActiveCfg = Debug|Any CPU
		{C99AAF92-D4AD-4847-9EE0-B11E68E93E1E}.Editor.Debug|UWP_x64.ActiveCfg = Debug|Any CPU
		{C99AAF92-D4AD-4847-9EE0-B11E68E93E1E}.Editor.Debug|Win32.ActiveCfg = Debug|Any CPU
		{C99AAF92-D4AD-4847-9EE0-B11E68E93E1E}.Editor.Debug|Win64.ActiveCfg = Debug|Any CPU
		{C99AAF92-D4AD-4847-9EE0-B11E68E93E1E}.Editor.Debug|XboxOne.ActiveCfg = Debug|Any CPU
		{C99AAF92-D4AD-4847-9EE0-B11E68E93E1E}.Editor.Development|Any CPU.ActiveCfg = Debug|Any CPU
		{C99AAF92-D4AD-4847-9EE0-B11E68E93E1E}.Editor.Development|UWP_x64.ActiveCfg = Debug|Any CPU
		{C99AAF92-D4AD-4847-9EE0-B11E68E93E1E}.Editor.Development|Win32.ActiveCfg = Debug|Any CPU
		{C99AAF92-D4AD-4847-9EE0-B11E68E93E1E}.Editor.Development|Win64.ActiveCfg = Debug|Any CPU
		{C99AAF92-D4AD-4847-9EE0-B11E68E93E1E}.Editor.Development|XboxOne.ActiveCfg = Debug|Any CPU
		{C99AAF92-D4AD-4847-9EE0-B11E68E93E1E}.Editor.Release|Any CPU.ActiveCfg = Debug|Any CPU
		{C99AAF92-D4AD-4847-9EE0-B11E68E93E1E}.Editor.Release|UWP_x64.ActiveCfg = Debug|Any CPU
		{C99AAF92-D4AD-4847-9EE0-B11E68E93E1E}.Editor.Release|Win32.ActiveCfg = Debug|Any CPU
		{C99AAF92-D4AD-4847-9EE0-B11E68E93E1E}.Editor.Release|Win64.ActiveCfg = Debug|Any CPU
		{C99AAF92-D4AD-4847-9EE0-B11E68E93E1E}.Editor.Release|XboxOne.ActiveCfg = Debug|Any CPU
		{C99AAF92-D4AD-4847-9EE0-B11E68E93E1E}.Game.Debug|Any CPU.ActiveCfg = Debug|Any CPU
		{C99AAF92-D4AD-4847-9EE0-B11E68E93E1E}.Game.Debug|UWP_x64.ActiveCfg = Debug|Any CPU
		{C99AAF92-D4AD-4847-9EE0-B11E68E93E1E}.Game.Debug|Win32.ActiveCfg = Debug|Any CPU
		{C99AAF92-D4AD-4847-9EE0-B11E68E93E1E}.Game.Debug|Win64.ActiveCfg = Debug|Any CPU
		{C99AAF92-D4AD-4847-9EE0-B11E68E93E1E}.Game.Debug|XboxOne.ActiveCfg = Debug|Any CPU
		{C99AAF92-D4AD-4847-9EE0-B11E68E93E1E}.Game.Development|Any CPU.ActiveCfg = Debug|Any CPU
		{C99AAF92-D4AD-4847-9EE0-B11E68E93E1E}.Game.Development|UWP_x64.ActiveCfg = Debug|Any CPU
		{C99AAF92-D4AD-4847-9EE0-B11E68E93E1E}.Game.Development|Win32.ActiveCfg = Debug|Any CPU
		{C99AAF92-D4AD-4847-9EE0-B11E68E93E1E}.Game.Development|Win64.ActiveCfg = Debug|Any CPU
		{C99AAF92-D4AD-4847-9EE0-B11E68E93E1E}.Game.Development|XboxOne.ActiveCfg = Debug|Any CPU
		{C99AAF92-D4AD-4847-9EE0-B11E68E93E1E}.Game.Release|Any CPU.ActiveCfg = Debug|Any CPU
		{C99AAF92-D4AD-4847-9EE0-B11E68E93E1E}.Game.Release|UWP_x64.ActiveCfg = Debug|Any CPU
		{C99AAF92-D4AD-4847-9EE0-B11E68E93E1E}.Game.Release|Win32.ActiveCfg = Debug|Any CPU
		{C99AAF92-D4AD-4847-9EE0-B11E68E93E1E}.Game.Release|Win64.ActiveCfg = Debug|Any CPU
		{C99AAF92-D4AD-4847-9EE0-B11E68E93E1E}.Game.Release|XboxOne.ActiveCfg = Debug|Any CPU
		{C99AAF92-D4AD-4847-9EE0-B11E68E93E1E}.Release|Any CPU.ActiveCfg = Release|Any CPU
		{C99AAF92-D4AD-4847-9EE0-B11E68E93E1E}.Release|UWP_x64.ActiveCfg = Debug|Any CPU
		{C99AAF92-D4AD-4847-9EE0-B11E68E93E1E}.Release|Win32.ActiveCfg = Debug|Any CPU
		{C99AAF92-D4AD-4847-9EE0-B11E68E93E1E}.Release|Win64.ActiveCfg = Debug|Any CPU
		{C99AAF92-D4AD-4847-9EE0-B11E68E93E1E}.Release|XboxOne.ActiveCfg = Debug|Any CPU
		{3FB235A6-ADFF-415E-92B8-E810DA981A02}.Debug|Any CPU.ActiveCfg = Debug|Any CPU
		{3FB235A6-ADFF-415E-92B8-E810DA981A02}.Debug|UWP_x64.ActiveCfg = Debug|Any CPU
		{3FB235A6-ADFF-415E-92B8-E810DA981A02}.Debug|Win32.ActiveCfg = Debug|Any CPU
		{3FB235A6-ADFF-415E-92B8-E810DA981A02}.Debug|Win64.ActiveCfg = Debug|Any CPU
		{3FB235A6-ADFF-415E-92B8-E810DA981A02}.Debug|XboxOne.ActiveCfg = Debug|Any CPU
		{3FB235A6-ADFF-415E-92B8-E810DA981A02}.Editor.Debug|Any CPU.ActiveCfg = Debug|Any CPU
		{3FB235A6-ADFF-415E-92B8-E810DA981A02}.Editor.Debug|UWP_x64.ActiveCfg = Debug|Any CPU
		{3FB235A6-ADFF-415E-92B8-E810DA981A02}.Editor.Debug|Win32.ActiveCfg = Debug|Any CPU
		{3FB235A6-ADFF-415E-92B8-E810DA981A02}.Editor.Debug|Win64.ActiveCfg = Debug|Any CPU
		{3FB235A6-ADFF-415E-92B8-E810DA981A02}.Editor.Debug|XboxOne.ActiveCfg = Debug|Any CPU
		{3FB235A6-ADFF-415E-92B8-E810DA981A02}.Editor.Development|Any CPU.ActiveCfg = Debug|Any CPU
		{3FB235A6-ADFF-415E-92B8-E810DA981A02}.Editor.Development|UWP_x64.ActiveCfg = Debug|Any CPU
		{3FB235A6-ADFF-415E-92B8-E810DA981A02}.Editor.Development|Win32.ActiveCfg = Debug|Any CPU
		{3FB235A6-ADFF-415E-92B8-E810DA981A02}.Editor.Development|Win64.ActiveCfg = Debug|Any CPU
		{3FB235A6-ADFF-415E-92B8-E810DA981A02}.Editor.Development|XboxOne.ActiveCfg = Debug|Any CPU
		{3FB235A6-ADFF-415E-92B8-E810DA981A02}.Editor.Release|Any CPU.ActiveCfg = Debug|Any CPU
		{3FB235A6-ADFF-415E-92B8-E810DA981A02}.Editor.Release|UWP_x64.ActiveCfg = Debug|Any CPU
		{3FB235A6-ADFF-415E-92B8-E810DA981A02}.Editor.Release|Win32.ActiveCfg = Debug|Any CPU
		{3FB235A6-ADFF-415E-92B8-E810DA981A02}.Editor.Release|Win64.ActiveCfg = Debug|Any CPU
		{3FB235A6-ADFF-415E-92B8-E810DA981A02}.Editor.Release|XboxOne.ActiveCfg = Debug|Any CPU
		{3FB235A6-ADFF-415E-92B8-E810DA981A02}.Game.Debug|Any CPU.ActiveCfg = Debug|Any CPU
		{3FB235A6-ADFF-415E-92B8-E810DA981A02}.Game.Debug|UWP_x64.ActiveCfg = Debug|Any CPU
		{3FB235A6-ADFF-415E-92B8-E810DA981A02}.Game.Debug|Win32.ActiveCfg = Debug|Any CPU
		{3FB235A6-ADFF-415E-92B8-E810DA981A02}.Game.Debug|Win64.ActiveCfg = Debug|Any CPU
		{3FB235A6-ADFF-415E-92B8-E810DA981A02}.Game.Debug|XboxOne.ActiveCfg = Debug|Any CPU
		{3FB235A6-ADFF-415E-92B8-E810DA981A02}.Game.Development|Any CPU.ActiveCfg = Debug|Any CPU
		{3FB235A6-ADFF-415E-92B8-E810DA981A02}.Game.Development|UWP_x64.ActiveCfg = Debug|Any CPU
		{3FB235A6-ADFF-415E-92B8-E810DA981A02}.Game.Development|Win32.ActiveCfg = Debug|Any CPU
		{3FB235A6-ADFF-415E-92B8-E810DA981A02}.Game.Development|Win64.ActiveCfg = Debug|Any CPU
		{3FB235A6-ADFF-415E-92B8-E810DA981A02}.Game.Development|XboxOne.ActiveCfg = Debug|Any CPU
		{3FB235A6-ADFF-415E-92B8-E810DA981A02}.Game.Release|Any CPU.ActiveCfg = Debug|Any CPU
		{3FB235A6-ADFF-415E-92B8-E810DA981A02}.Game.Release|UWP_x64.ActiveCfg = Debug|Any CPU
		{3FB235A6-ADFF-415E-92B8-E810DA981A02}.Game.Release|Win32.ActiveCfg = Debug|Any CPU
		{3FB235A6-ADFF-415E-92B8-E810DA981A02}.Game.Release|Win64.ActiveCfg = Debug|Any CPU
		{3FB235A6-ADFF-415E-92B8-E810DA981A02}.Game.Release|XboxOne.ActiveCfg = Debug|Any CPU
		{3FB235A6-ADFF-415E-92B8-E810DA981A02}.Release|Any CPU.ActiveCfg = Release|Any CPU
		{3FB235A6-ADFF-415E-92B8-E810DA981A02}.Release|UWP_x64.ActiveCfg = Debug|Any CPU
		{3FB235A6-ADFF-415E-92B8-E810DA981A02}.Release|Win32.ActiveCfg = Debug|Any CPU
		{3FB235A6-ADFF-415E-92B8-E810DA981A02}.Release|Win64.ActiveCfg = Debug|Any CPU
		{3FB235A6-ADFF-415E-92B8-E810DA981A02}.Release|XboxOne.ActiveCfg = Debug|Any CPU
		{E9B47E88-802C-45E4-BFF4-F05A6F991BC9}.Debug|Any CPU.ActiveCfg = Debug|Any CPU
		{E9B47E88-802C-45E4-BFF4-F05A6F991BC9}.Debug|UWP_x64.ActiveCfg = Debug|Any CPU
		{E9B47E88-802C-45E4-BFF4-F05A6F991BC9}.Debug|Win32.ActiveCfg = Debug|Any CPU
		{E9B47E88-802C-45E4-BFF4-F05A6F991BC9}.Debug|Win64.ActiveCfg = Debug|Any CPU
		{E9B47E88-802C-45E4-BFF4-F05A6F991BC9}.Debug|XboxOne.ActiveCfg = Debug|Any CPU
		{E9B47E88-802C-45E4-BFF4-F05A6F991BC9}.Editor.Debug|Any CPU.ActiveCfg = Debug|Any CPU
		{E9B47E88-802C-45E4-BFF4-F05A6F991BC9}.Editor.Debug|UWP_x64.ActiveCfg = Debug|Any CPU
		{E9B47E88-802C-45E4-BFF4-F05A6F991BC9}.Editor.Debug|Win32.ActiveCfg = Debug|Any CPU
		{E9B47E88-802C-45E4-BFF4-F05A6F991BC9}.Editor.Debug|Win64.ActiveCfg = Debug|Any CPU
		{E9B47E88-802C-45E4-BFF4-F05A6F991BC9}.Editor.Debug|XboxOne.ActiveCfg = Debug|Any CPU
		{E9B47E88-802C-45E4-BFF4-F05A6F991BC9}.Editor.Development|Any CPU.ActiveCfg = Debug|Any CPU
		{E9B47E88-802C-45E4-BFF4-F05A6F991BC9}.Editor.Development|UWP_x64.ActiveCfg = Debug|Any CPU
		{E9B47E88-802C-45E4-BFF4-F05A6F991BC9}.Editor.Development|Win32.ActiveCfg = Debug|Any CPU
		{E9B47E88-802C-45E4-BFF4-F05A6F991BC9}.Editor.Development|Win64.ActiveCfg = Debug|Any CPU
		{E9B47E88-802C-45E4-BFF4-F05A6F991BC9}.Editor.Development|XboxOne.ActiveCfg = Debug|Any CPU
		{E9B47E88-802C-45E4-BFF4-F05A6F991BC9}.Editor.Release|Any CPU.ActiveCfg = Debug|Any CPU
		{E9B47E88-802C-45E4-BFF4-F05A6F991BC9}.Editor.Release|UWP_x64.ActiveCfg = Debug|Any CPU
		{E9B47E88-802C-45E4-BFF4-F05A6F991BC9}.Editor.Release|Win32.ActiveCfg = Debug|Any CPU
		{E9B47E88-802C-45E4-BFF4-F05A6F991BC9}.Editor.Release|Win64.ActiveCfg = Debug|Any CPU
		{E9B47E88-802C-45E4-BFF4-F05A6F991BC9}.Editor.Release|XboxOne.ActiveCfg = Debug|Any CPU
		{E9B47E88-802C-45E4-BFF4-F05A6F991BC9}.Game.Debug|Any CPU.ActiveCfg = Debug|Any CPU
		{E9B47E88-802C-45E4-BFF4-F05A6F991BC9}.Game.Debug|UWP_x64.ActiveCfg = Debug|Any CPU
		{E9B47E88-802C-45E4-BFF4-F05A6F991BC9}.Game.Debug|Win32.ActiveCfg = Debug|Any CPU
		{E9B47E88-802C-45E4-BFF4-F05A6F991BC9}.Game.Debug|Win64.ActiveCfg = Debug|Any CPU
		{E9B47E88-802C-45E4-BFF4-F05A6F991BC9}.Game.Debug|XboxOne.ActiveCfg = Debug|Any CPU
		{E9B47E88-802C-45E4-BFF4-F05A6F991BC9}.Game.Development|Any CPU.ActiveCfg = Debug|Any CPU
		{E9B47E88-802C-45E4-BFF4-F05A6F991BC9}.Game.Development|UWP_x64.ActiveCfg = Debug|Any CPU
		{E9B47E88-802C-45E4-BFF4-F05A6F991BC9}.Game.Development|Win32.ActiveCfg = Debug|Any CPU
		{E9B47E88-802C-45E4-BFF4-F05A6F991BC9}.Game.Development|Win64.ActiveCfg = Debug|Any CPU
		{E9B47E88-802C-45E4-BFF4-F05A6F991BC9}.Game.Development|XboxOne.ActiveCfg = Debug|Any CPU
		{E9B47E88-802C-45E4-BFF4-F05A6F991BC9}.Game.Release|Any CPU.ActiveCfg = Debug|Any CPU
		{E9B47E88-802C-45E4-BFF4-F05A6F991BC9}.Game.Release|UWP_x64.ActiveCfg = Debug|Any CPU
		{E9B47E88-802C-45E4-BFF4-F05A6F991BC9}.Game.Release|Win32.ActiveCfg = Debug|Any CPU
		{E9B47E88-802C-45E4-BFF4-F05A6F991BC9}.Game.Release|Win64.ActiveCfg = Debug|Any CPU
		{E9B47E88-802C-45E4-BFF4-F05A6F991BC9}.Game.Release|XboxOne.ActiveCfg = Debug|Any CPU
		{E9B47E88-802C-45E4-BFF4-F05A6F991BC9}.Release|Any CPU.ActiveCfg = Release|Any CPU
		{E9B47E88-802C-45E4-BFF4-F05A6F991BC9}.Release|UWP_x64.ActiveCfg = Debug|Any CPU
		{E9B47E88-802C-45E4-BFF4-F05A6F991BC9}.Release|Win32.ActiveCfg = Debug|Any CPU
		{E9B47E88-802C-45E4-BFF4-F05A6F991BC9}.Release|Win64.ActiveCfg = Debug|Any CPU
		{E9B47E88-802C-45E4-BFF4-F05A6F991BC9}.Release|XboxOne.ActiveCfg = Debug|Any CPU
		{4AAED6A2-38B1-4A31-AB04-9264A94A8ECA}.Debug|Any CPU.ActiveCfg = Debug|Any CPU
		{4AAED6A2-38B1-4A31-AB04-9264A94A8ECA}.Debug|UWP_x64.ActiveCfg = Debug|Any CPU
		{4AAED6A2-38B1-4A31-AB04-9264A94A8ECA}.Debug|Win32.ActiveCfg = Debug|Any CPU
		{4AAED6A2-38B1-4A31-AB04-9264A94A8ECA}.Debug|Win64.ActiveCfg = Debug|Any CPU
		{4AAED6A2-38B1-4A31-AB04-9264A94A8ECA}.Debug|XboxOne.ActiveCfg = Debug|Any CPU
		{4AAED6A2-38B1-4A31-AB04-9264A94A8ECA}.Editor.Debug|Any CPU.ActiveCfg = Debug|Any CPU
		{4AAED6A2-38B1-4A31-AB04-9264A94A8ECA}.Editor.Debug|UWP_x64.ActiveCfg = Debug|Any CPU
		{4AAED6A2-38B1-4A31-AB04-9264A94A8ECA}.Editor.Debug|Win32.ActiveCfg = Debug|Any CPU
		{4AAED6A2-38B1-4A31-AB04-9264A94A8ECA}.Editor.Debug|Win64.ActiveCfg = Debug|Any CPU
		{4AAED6A2-38B1-4A31-AB04-9264A94A8ECA}.Editor.Debug|XboxOne.ActiveCfg = Debug|Any CPU
		{4AAED6A2-38B1-4A31-AB04-9264A94A8ECA}.Editor.Development|Any CPU.ActiveCfg = Debug|Any CPU
		{4AAED6A2-38B1-4A31-AB04-9264A94A8ECA}.Editor.Development|UWP_x64.ActiveCfg = Debug|Any CPU
		{4AAED6A2-38B1-4A31-AB04-9264A94A8ECA}.Editor.Development|Win32.ActiveCfg = Debug|Any CPU
		{4AAED6A2-38B1-4A31-AB04-9264A94A8ECA}.Editor.Development|Win64.ActiveCfg = Debug|Any CPU
		{4AAED6A2-38B1-4A31-AB04-9264A94A8ECA}.Editor.Development|XboxOne.ActiveCfg = Debug|Any CPU
		{4AAED6A2-38B1-4A31-AB04-9264A94A8ECA}.Editor.Release|Any CPU.ActiveCfg = Debug|Any CPU
		{4AAED6A2-38B1-4A31-AB04-9264A94A8ECA}.Editor.Release|UWP_x64.ActiveCfg = Debug|Any CPU
		{4AAED6A2-38B1-4A31-AB04-9264A94A8ECA}.Editor.Release|Win32.ActiveCfg = Debug|Any CPU
		{4AAED6A2-38B1-4A31-AB04-9264A94A8ECA}.Editor.Release|Win64.ActiveCfg = Debug|Any CPU
		{4AAED6A2-38B1-4A31-AB04-9264A94A8ECA}.Editor.Release|XboxOne.ActiveCfg = Debug|Any CPU
		{4AAED6A2-38B1-4A31-AB04-9264A94A8ECA}.Game.Debug|Any CPU.ActiveCfg = Debug|Any CPU
		{4AAED6A2-38B1-4A31-AB04-9264A94A8ECA}.Game.Debug|UWP_x64.ActiveCfg = Debug|Any CPU
		{4AAED6A2-38B1-4A31-AB04-9264A94A8ECA}.Game.Debug|Win32.ActiveCfg = Debug|Any CPU
		{4AAED6A2-38B1-4A31-AB04-9264A94A8ECA}.Game.Debug|Win64.ActiveCfg = Debug|Any CPU
		{4AAED6A2-38B1-4A31-AB04-9264A94A8ECA}.Game.Debug|XboxOne.ActiveCfg = Debug|Any CPU
		{4AAED6A2-38B1-4A31-AB04-9264A94A8ECA}.Game.Development|Any CPU.ActiveCfg = Debug|Any CPU
		{4AAED6A2-38B1-4A31-AB04-9264A94A8ECA}.Game.Development|UWP_x64.ActiveCfg = Debug|Any CPU
		{4AAED6A2-38B1-4A31-AB04-9264A94A8ECA}.Game.Development|Win32.ActiveCfg = Debug|Any CPU
		{4AAED6A2-38B1-4A31-AB04-9264A94A8ECA}.Game.Development|Win64.ActiveCfg = Debug|Any CPU
		{4AAED6A2-38B1-4A31-AB04-9264A94A8ECA}.Game.Development|XboxOne.ActiveCfg = Debug|Any CPU
		{4AAED6A2-38B1-4A31-AB04-9264A94A8ECA}.Game.Release|Any CPU.ActiveCfg = Debug|Any CPU
		{4AAED6A2-38B1-4A31-AB04-9264A94A8ECA}.Game.Release|UWP_x64.ActiveCfg = Debug|Any CPU
		{4AAED6A2-38B1-4A31-AB04-9264A94A8ECA}.Game.Release|Win32.ActiveCfg = Debug|Any CPU
		{4AAED6A2-38B1-4A31-AB04-9264A94A8ECA}.Game.Release|Win64.ActiveCfg = Debug|Any CPU
		{4AAED6A2-38B1-4A31-AB04-9264A94A8ECA}.Game.Release|XboxOne.ActiveCfg = Debug|Any CPU
		{4AAED6A2-38B1-4A31-AB04-9264A94A8ECA}.Release|Any CPU.ActiveCfg = Release|Any CPU
		{4AAED6A2-38B1-4A31-AB04-9264A94A8ECA}.Release|UWP_x64.ActiveCfg = Debug|Any CPU
		{4AAED6A2-38B1-4A31-AB04-9264A94A8ECA}.Release|Win32.ActiveCfg = Debug|Any CPU
		{4AAED6A2-38B1-4A31-AB04-9264A94A8ECA}.Release|Win64.ActiveCfg = Debug|Any CPU
		{4AAED6A2-38B1-4A31-AB04-9264A94A8ECA}.Release|XboxOne.ActiveCfg = Debug|Any CPU
		{C08375F8-7C98-4E4F-AEE8-79B4A9D714A0}.Debug|Any CPU.ActiveCfg = Debug|Any CPU
		{C08375F8-7C98-4E4F-AEE8-79B4A9D714A0}.Debug|UWP_x64.ActiveCfg = Debug|Any CPU
		{C08375F8-7C98-4E4F-AEE8-79B4A9D714A0}.Debug|Win32.ActiveCfg = Debug|Any CPU
		{C08375F8-7C98-4E4F-AEE8-79B4A9D714A0}.Debug|Win64.ActiveCfg = Debug|Any CPU
		{C08375F8-7C98-4E4F-AEE8-79B4A9D714A0}.Debug|XboxOne.ActiveCfg = Debug|Any CPU
		{C08375F8-7C98-4E4F-AEE8-79B4A9D714A0}.Editor.Debug|Any CPU.ActiveCfg = Debug|Any CPU
		{C08375F8-7C98-4E4F-AEE8-79B4A9D714A0}.Editor.Debug|UWP_x64.ActiveCfg = Debug|Any CPU
		{C08375F8-7C98-4E4F-AEE8-79B4A9D714A0}.Editor.Debug|Win32.ActiveCfg = Debug|Any CPU
		{C08375F8-7C98-4E4F-AEE8-79B4A9D714A0}.Editor.Debug|Win64.ActiveCfg = Debug|Any CPU
		{C08375F8-7C98-4E4F-AEE8-79B4A9D714A0}.Editor.Debug|XboxOne.ActiveCfg = Debug|Any CPU
		{C08375F8-7C98-4E4F-AEE8-79B4A9D714A0}.Editor.Development|Any CPU.ActiveCfg = Debug|Any CPU
		{C08375F8-7C98-4E4F-AEE8-79B4A9D714A0}.Editor.Development|UWP_x64.ActiveCfg = Debug|Any CPU
		{C08375F8-7C98-4E4F-AEE8-79B4A9D714A0}.Editor.Development|Win32.ActiveCfg = Debug|Any CPU
		{C08375F8-7C98-4E4F-AEE8-79B4A9D714A0}.Editor.Development|Win64.ActiveCfg = Debug|Any CPU
		{C08375F8-7C98-4E4F-AEE8-79B4A9D714A0}.Editor.Development|XboxOne.ActiveCfg = Debug|Any CPU
		{C08375F8-7C98-4E4F-AEE8-79B4A9D714A0}.Editor.Release|Any CPU.ActiveCfg = Debug|Any CPU
		{C08375F8-7C98-4E4F-AEE8-79B4A9D714A0}.Editor.Release|UWP_x64.ActiveCfg = Debug|Any CPU
		{C08375F8-7C98-4E4F-AEE8-79B4A9D714A0}.Editor.Release|Win32.ActiveCfg = Debug|Any CPU
		{C08375F8-7C98-4E4F-AEE8-79B4A9D714A0}.Editor.Release|Win64.ActiveCfg = Debug|Any CPU
		{C08375F8-7C98-4E4F-AEE8-79B4A9D714A0}.Editor.Release|XboxOne.ActiveCfg = Debug|Any CPU
		{C08375F8-7C98-4E4F-AEE8-79B4A9D714A0}.Game.Debug|Any CPU.ActiveCfg = Debug|Any CPU
		{C08375F8-7C98-4E4F-AEE8-79B4A9D714A0}.Game.Debug|UWP_x64.ActiveCfg = Debug|Any CPU
		{C08375F8-7C98-4E4F-AEE8-79B4A9D714A0}.Game.Debug|Win32.ActiveCfg = Debug|Any CPU
		{C08375F8-7C98-4E4F-AEE8-79B4A9D714A0}.Game.Debug|Win64.ActiveCfg = Debug|Any CPU
		{C08375F8-7C98-4E4F-AEE8-79B4A9D714A0}.Game.Debug|XboxOne.ActiveCfg = Debug|Any CPU
		{C08375F8-7C98-4E4F-AEE8-79B4A9D714A0}.Game.Development|Any CPU.ActiveCfg = Debug|Any CPU
		{C08375F8-7C98-4E4F-AEE8-79B4A9D714A0}.Game.Development|UWP_x64.ActiveCfg = Debug|Any CPU
		{C08375F8-7C98-4E4F-AEE8-79B4A9D714A0}.Game.Development|Win32.ActiveCfg = Debug|Any CPU
		{C08375F8-7C98-4E4F-AEE8-79B4A9D714A0}.Game.Development|Win64.ActiveCfg = Debug|Any CPU
		{C08375F8-7C98-4E4F-AEE8-79B4A9D714A0}.Game.Development|XboxOne.ActiveCfg = Debug|Any CPU
		{C08375F8-7C98-4E4F-AEE8-79B4A9D714A0}.Game.Release|Any CPU.ActiveCfg = Debug|Any CPU
		{C08375F8-7C98-4E4F-AEE8-79B4A9D714A0}.Game.Release|UWP_x64.ActiveCfg = Debug|Any CPU
		{C08375F8-7C98-4E4F-AEE8-79B4A9D714A0}.Game.Release|Win32.ActiveCfg = Debug|Any CPU
		{C08375F8-7C98-4E4F-AEE8-79B4A9D714A0}.Game.Release|Win64.ActiveCfg = Debug|Any CPU
		{C08375F8-7C98-4E4F-AEE8-79B4A9D714A0}.Game.Release|XboxOne.ActiveCfg = Debug|Any CPU
		{C08375F8-7C98-4E4F-AEE8-79B4A9D714A0}.Release|Any CPU.ActiveCfg = Debug|Any CPU
		{C08375F8-7C98-4E4F-AEE8-79B4A9D714A0}.Release|UWP_x64.ActiveCfg = Debug|Any CPU
		{C08375F8-7C98-4E4F-AEE8-79B4A9D714A0}.Release|Win32.ActiveCfg = Debug|Any CPU
		{C08375F8-7C98-4E4F-AEE8-79B4A9D714A0}.Release|Win64.ActiveCfg = Debug|Any CPU
		{C08375F8-7C98-4E4F-AEE8-79B4A9D714A0}.Release|XboxOne.ActiveCfg = Debug|Any CPU
	EndGlobalSection
	GlobalSection(SolutionProperties) = preSolution
		HideSolutionNode = FALSE
	EndGlobalSection
	GlobalSection(NestedProjects) = preSolution
		{A1107B4A-63B9-4218-811B-4CFC8DD4F8B6} = {118147E0-3042-41B8-B7FB-5F5F916B158C}
		{6BDDAEA2-F39B-4C55-8A32-589D08B65D69} = {118147E0-3042-41B8-B7FB-5F5F916B158C}
		{E1E35F87-824F-483B-8A40-F005C5287DC1} = {118147E0-3042-41B8-B7FB-5F5F916B158C}
		{C99AAF92-D4AD-4847-9EE0-B11E68E93E1E} = {A1107B4A-63B9-4218-811B-4CFC8DD4F8B6}
		{3FB235A6-ADFF-415E-92B8-E810DA981A02} = {A1107B4A-63B9-4218-811B-4CFC8DD4F8B6}
		{E9B47E88-802C-45E4-BFF4-F05A6F991BC9} = {A1107B4A-63B9-4218-811B-4CFC8DD4F8B6}
		{4AAED6A2-38B1-4A31-AB04-9264A94A8ECA} = {A1107B4A-63B9-4218-811B-4CFC8DD4F8B6}
	EndGlobalSection
	GlobalSection(ExtensibilityGlobals) = postSolution
		SolutionGuid = {16312F06-0996-4953-961F-C19EC566FB74}
	EndGlobalSection
EndGlobal
